
Microsoft Visual Studio Solution File, Format Version 12.00
# Visual Studio Version 17
VisualStudioVersion = 17.14.36221.1
MinimumVisualStudioVersion = 10.0.40219.1
Project("{FAE04EC0-301F-11D3-BF4B-00C04F79EFBC}") = "Authifex.Web.Server", "Authifex.Web.Server\Authifex.Web.Server.csproj", "{BD967519-6C2F-49BB-8E2D-4889DC9ED089}"
	ProjectSection(ProjectDependencies) = postProject
		{6D9E77AA-D754-DF0F-1F7B-47C6841FC916} = {6D9E77AA-D754-DF0F-1F7B-47C6841FC916}
	EndProjectSection
EndProject
Project("{54A90642-561A-4BB1-A94E-469ADEE60C69}") = "Authifex.Web", "Authifex.Web\Authifex.Web.esproj", "{6D9E77AA-D754-DF0F-1F7B-47C6841FC916}"
EndProject
Global
	GlobalSection(SolutionConfigurationPlatforms) = preSolution
		Debug|Any CPU = Debug|Any CPU
		Release|Any CPU = Release|Any CPU
	EndGlobalSection
	GlobalSection(ProjectConfigurationPlatforms) = postSolution
		{BD967519-6C2F-49BB-8E2D-4889DC9ED089}.Debug|Any CPU.ActiveCfg = Debug|Any CPU
		{BD967519-6C2F-49BB-8E2D-4889DC9ED089}.Debug|Any CPU.Build.0 = Debug|Any CPU
		{BD967519-6C2F-49BB-8E2D-4889DC9ED089}.Release|Any CPU.ActiveCfg = Release|Any CPU
		{BD967519-6C2F-49BB-8E2D-4889DC9ED089}.Release|Any CPU.Build.0 = Release|Any CPU
		{6D9E77AA-D754-DF0F-1F7B-47C6841FC916}.Debug|Any CPU.ActiveCfg = Debug|Any CPU
		{6D9E77AA-D754-DF0F-1F7B-47C6841FC916}.Debug|Any CPU.Build.0 = Debug|Any CPU
		{6D9E77AA-D754-DF0F-1F7B-47C6841FC916}.Debug|Any CPU.Deploy.0 = Debug|Any CPU
		{6D9E77AA-D754-DF0F-1F7B-47C6841FC916}.Release|Any CPU.ActiveCfg = Release|Any CPU
		{6D9E77AA-D754-DF0F-1F7B-47C6841FC916}.Release|Any CPU.Build.0 = Release|Any CPU
		{6D9E77AA-D754-DF0F-1F7B-47C6841FC916}.Release|Any CPU.Deploy.0 = Release|Any CPU
	EndGlobalSection
	GlobalSection(SolutionProperties) = preSolution
		HideSolutionNode = FALSE
	EndGlobalSection
	GlobalSection(ExtensibilityGlobals) = postSolution
		SolutionGuid = {3A99B993-5719-4BBE-AD3F-C4C733ED979D}
	EndGlobalSection
EndGlobal
